
Microsoft Visual Studio Solution File, Format Version 12.00
# Visual Studio Version 17
VisualStudioVersion = 17.1.32210.238
MinimumVisualStudioVersion = 10.0.40219.1
Project("{FAE04EC0-301F-11D3-BF4B-00C04F79EFBC}") = "power of 2", "power of 2\power of 2.csproj", "{A32DFAED-72F7-4197-AAFF-F1E201BC4AA8}"
EndProject
Global
	GlobalSection(SolutionConfigurationPlatforms) = preSolution
		Debug|Any CPU = Debug|Any CPU
		Release|Any CPU = Release|Any CPU
	EndGlobalSection
	GlobalSection(ProjectConfigurationPlatforms) = postSolution
		{A32DFAED-72F7-4197-AAFF-F1E201BC4AA8}.Debug|Any CPU.ActiveCfg = Debug|Any CPU
		{A32DFAED-72F7-4197-AAFF-F1E201BC4AA8}.Debug|Any CPU.Build.0 = Debug|Any CPU
		{A32DFAED-72F7-4197-AAFF-F1E201BC4AA8}.Release|Any CPU.ActiveCfg = Release|Any CPU
		{A32DFAED-72F7-4197-AAFF-F1E201BC4AA8}.Release|Any CPU.Build.0 = Release|Any CPU
	EndGlobalSection
	GlobalSection(SolutionProperties) = preSolution
		HideSolutionNode = FALSE
	EndGlobalSection
	GlobalSection(ExtensibilityGlobals) = postSolution
		SolutionGuid = {6ABAA8B3-321A-438B-8F2A-FA11AB62CF88}
	EndGlobalSection
EndGlobal
